
Microsoft Visual Studio Solution File, Format Version 12.00
# Visual Studio Version 17
VisualStudioVersion = 17.8.34525.116
MinimumVisualStudioVersion = 10.0.40219.1
Project("{FAE04EC0-301F-11D3-BF4B-00C04F79EFBC}") = "Themisquo.Test", "Themisquo.Test\Themisquo.Test.csproj", "{3B4D5508-EB5E-42DD-A750-E4D0F3649AE2}"
EndProject
Project("{9A19103F-16F7-4668-BE54-9A1E7A4F7556}") = "Themisquo", "Themisquo\Themisquo.csproj", "{B4CB6588-A442-4E89-98CE-BCEF518D904E}"
EndProject
Global
	GlobalSection(SolutionConfigurationPlatforms) = preSolution
		Debug|Any CPU = Debug|Any CPU
		Release|Any CPU = Release|Any CPU
	EndGlobalSection
	GlobalSection(ProjectConfigurationPlatforms) = postSolution
		{3B4D5508-EB5E-42DD-A750-E4D0F3649AE2}.Debug|Any CPU.ActiveCfg = Debug|Any CPU
		{3B4D5508-EB5E-42DD-A750-E4D0F3649AE2}.Debug|Any CPU.Build.0 = Debug|Any CPU
		{3B4D5508-EB5E-42DD-A750-E4D0F3649AE2}.Release|Any CPU.ActiveCfg = Release|Any CPU
		{3B4D5508-EB5E-42DD-A750-E4D0F3649AE2}.Release|Any CPU.Build.0 = Release|Any CPU
		{B4CB6588-A442-4E89-98CE-BCEF518D904E}.Debug|Any CPU.ActiveCfg = Debug|Any CPU
		{B4CB6588-A442-4E89-98CE-BCEF518D904E}.Debug|Any CPU.Build.0 = Debug|Any CPU
		{B4CB6588-A442-4E89-98CE-BCEF518D904E}.Release|Any CPU.ActiveCfg = Release|Any CPU
		{B4CB6588-A442-4E89-98CE-BCEF518D904E}.Release|Any CPU.Build.0 = Release|Any CPU
	EndGlobalSection
	GlobalSection(SolutionProperties) = preSolution
		HideSolutionNode = FALSE
	EndGlobalSection
	GlobalSection(ExtensibilityGlobals) = postSolution
		SolutionGuid = {6160F032-515E-47AA-A11D-9970BA9940DF}
	EndGlobalSection
EndGlobal
